
Microsoft Visual Studio Solution File, Format Version 12.00
# Visual Studio Version 17
VisualStudioVersion = 17.8.34316.72
MinimumVisualStudioVersion = 10.0.40219.1
Project("{FAE04EC0-301F-11D3-BF4B-00C04F79EFBC}") = "edu.ejercicio.siete.nrojlla", "edu.ejercicio.siete.nrojlla.csproj", "{D17FEE1E-6BD6-4F0A-A732-99057D87CD81}"
EndProject
Global
	GlobalSection(SolutionConfigurationPlatforms) = preSolution
		Debug|Any CPU = Debug|Any CPU
		Release|Any CPU = Release|Any CPU
	EndGlobalSection
	GlobalSection(ProjectConfigurationPlatforms) = postSolution
		{D17FEE1E-6BD6-4F0A-A732-99057D87CD81}.Debug|Any CPU.ActiveCfg = Debug|Any CPU
		{D17FEE1E-6BD6-4F0A-A732-99057D87CD81}.Debug|Any CPU.Build.0 = Debug|Any CPU
		{D17FEE1E-6BD6-4F0A-A732-99057D87CD81}.Release|Any CPU.ActiveCfg = Release|Any CPU
		{D17FEE1E-6BD6-4F0A-A732-99057D87CD81}.Release|Any CPU.Build.0 = Release|Any CPU
	EndGlobalSection
	GlobalSection(SolutionProperties) = preSolution
		HideSolutionNode = FALSE
	EndGlobalSection
	GlobalSection(ExtensibilityGlobals) = postSolution
		SolutionGuid = {D5D7E0BF-F9AF-461B-9A7C-18CCA3D6EF5B}
	EndGlobalSection
EndGlobal
